// !$*UTF8*$!
{
	archiveVersion = 1;
	classes = {
	};
	objectVersion = 48;
	objects = {

/* Begin PBXBuildFile section */
		772E92A8202704A8008E30F1 /* ZTools.m in Sources */ = {isa = PBXBuildFile; fileRef = 772E92A7202704A8008E30F1 /* ZTools.m */; };
		77372D382025F61A00D3E443 /* AppDelegate.m in Sources */ = {isa = PBXBuildFile; fileRef = 77372D372025F61A00D3E443 /* AppDelegate.m */; };
		77372D3B2025F61A00D3E443 /* ViewController.m in Sources */ = {isa = PBXBuildFile; fileRef = 77372D3A2025F61A00D3E443 /* ViewController.m */; };
		77372D3E2025F61A00D3E443 /* Main.storyboard in Resources */ = {isa = PBXBuildFile; fileRef = 77372D3C2025F61A00D3E443 /* Main.storyboard */; };
		77372D402025F61A00D3E443 /* Assets.xcassets in Resources */ = {isa = PBXBuildFile; fileRef = 77372D3F2025F61A00D3E443 /* Assets.xcassets */; };
		77372D432025F61A00D3E443 /* LaunchScreen.storyboard in Resources */ = {isa = PBXBuildFile; fileRef = 77372D412025F61A00D3E443 /* LaunchScreen.storyboard */; };
		77372D462025F61A00D3E443 /* main.m in Sources */ = {isa = PBXBuildFile; fileRef = 77372D452025F61A00D3E443 /* main.m */; };
		77372D502025F6DF00D3E443 /* ZNavigationBar.m in Sources */ = {isa = PBXBuildFile; fileRef = 77372D4F2025F6DF00D3E443 /* ZNavigationBar.m */; };
		77372D572025F97500D3E443 /* ZBaseViewController.m in Sources */ = {isa = PBXBuildFile; fileRef = 77372D562025F97500D3E443 /* ZBaseViewController.m */; };
		77372D5B2025FD9900D3E443 /* ZTempViewController.m in Sources */ = {isa = PBXBuildFile; fileRef = 77372D5A2025FD9900D3E443 /* ZTempViewController.m */; };
		77372D5E2026024300D3E443 /* ZNavigationController.m in Sources */ = {isa = PBXBuildFile; fileRef = 77372D5D2026024300D3E443 /* ZNavigationController.m */; };
/* End PBXBuildFile section */

/* Begin PBXFileReference section */
		772E92A6202704A8008E30F1 /* ZTools.h */ = {isa = PBXFileReference; lastKnownFileType = sourcecode.c.h; path = ZTools.h; sourceTree = "<group>"; };
		772E92A7202704A8008E30F1 /* ZTools.m */ = {isa = PBXFileReference; lastKnownFileType = sourcecode.c.objc; path = ZTools.m; sourceTree = "<group>"; };
		77372D332025F61A00D3E443 /* ZNavigationBar.app */ = {isa = PBXFileReference; explicitFileType = wrapper.application; includeInIndex = 0; path = ZNavigationBar.app; sourceTree = BUILT_PRODUCTS_DIR; };
		77372D362025F61A00D3E443 /* AppDelegate.h */ = {isa = PBXFileReference; lastKnownFileType = sourcecode.c.h; path = AppDelegate.h; sourceTree = "<group>"; };
		77372D372025F61A00D3E443 /* AppDelegate.m */ = {isa = PBXFileReference; lastKnownFileType = sourcecode.c.objc; path = AppDelegate.m; sourceTree = "<group>"; };
		77372D392025F61A00D3E443 /* ViewController.h */ = {isa = PBXFileReference; lastKnownFileType = sourcecode.c.h; path = ViewController.h; sourceTree = "<group>"; };
		77372D3A2025F61A00D3E443 /* ViewController.m */ = {isa = PBXFileReference; lastKnownFileType = sourcecode.c.objc; path = ViewController.m; sourceTree = "<group>"; };
		77372D3D2025F61A00D3E443 /* Base */ = {isa = PBXFileReference; lastKnownFileType = file.storyboard; name = Base; path = Base.lproj/Main.storyboard; sourceTree = "<group>"; };
		77372D3F2025F61A00D3E443 /* Assets.xcassets */ = {isa = PBXFileReference; lastKnownFileType = folder.assetcatalog; path = Assets.xcassets; sourceTree = "<group>"; };
		77372D422025F61A00D3E443 /* Base */ = {isa = PBXFileReference; lastKnownFileType = file.storyboard; name = Base; path = Base.lproj/LaunchScreen.storyboard; sourceTree = "<group>"; };
		77372D442025F61A00D3E443 /* Info.plist */ = {isa = PBXFileReference; lastKnownFileType = text.plist.xml; path = Info.plist; sourceTree = "<group>"; };
		77372D452025F61A00D3E443 /* main.m */ = {isa = PBXFileReference; lastKnownFileType = sourcecode.c.objc; path = main.m; sourceTree = "<group>"; };
		77372D4E2025F6DF00D3E443 /* ZNavigationBar.h */ = {isa = PBXFileReference; lastKnownFileType = sourcecode.c.h; path = ZNavigationBar.h; sourceTree = "<group>"; };
		77372D4F2025F6DF00D3E443 /* ZNavigationBar.m */ = {isa = PBXFileReference; lastKnownFileType = sourcecode.c.objc; path = ZNavigationBar.m; sourceTree = "<group>"; };
		77372D552025F97500D3E443 /* ZBaseViewController.h */ = {isa = PBXFileReference; lastKnownFileType = sourcecode.c.h; path = ZBaseViewController.h; sourceTree = "<group>"; };
		77372D562025F97500D3E443 /* ZBaseViewController.m */ = {isa = PBXFileReference; lastKnownFileType = sourcecode.c.objc; path = ZBaseViewController.m; sourceTree = "<group>"; };
		77372D592025FD9900D3E443 /* ZTempViewController.h */ = {isa = PBXFileReference; lastKnownFileType = sourcecode.c.h; path = ZTempViewController.h; sourceTree = "<group>"; };
		77372D5A2025FD9900D3E443 /* ZTempViewController.m */ = {isa = PBXFileReference; lastKnownFileType = sourcecode.c.objc; path = ZTempViewController.m; sourceTree = "<group>"; };
		77372D5C2026024300D3E443 /* ZNavigationController.h */ = {isa = PBXFileReference; lastKnownFileType = sourcecode.c.h; path = ZNavigationController.h; sourceTree = "<group>"; };
		77372D5D2026024300D3E443 /* ZNavigationController.m */ = {isa = PBXFileReference; lastKnownFileType = sourcecode.c.objc; path = ZNavigationController.m; sourceTree = "<group>"; };
/* End PBXFileReference section */

/* Begin PBXFrameworksBuildPhase section */
		77372D302025F61A00D3E443 /* Frameworks */ = {
			isa = PBXFrameworksBuildPhase;
			buildActionMask = 2147483647;
			files = (
			);
			runOnlyForDeploymentPostprocessing = 0;
		};
/* End PBXFrameworksBuildPhase section */

/* Begin PBXGroup section */
		772E92A520270475008E30F1 /* Tools */ = {
			isa = PBXGroup;
			children = (
				772E92A6202704A8008E30F1 /* ZTools.h */,
				772E92A7202704A8008E30F1 /* ZTools.m */,
			);
			path = Tools;
			sourceTree = "<group>";
		};
		77372D2A2025F61A00D3E443 = {
			isa = PBXGroup;
			children = (
				77372D352025F61A00D3E443 /* ZNavigationBar */,
				77372D342025F61A00D3E443 /* Products */,
			);
			sourceTree = "<group>";
		};
		77372D342025F61A00D3E443 /* Products */ = {
			isa = PBXGroup;
			children = (
				77372D332025F61A00D3E443 /* ZNavigationBar.app */,
			);
			name = Products;
			sourceTree = "<group>";
		};
		77372D352025F61A00D3E443 /* ZNavigationBar */ = {
			isa = PBXGroup;
			children = (
				77372D582025FD8900D3E443 /* Controller */,
				77372D4C2025F6B300D3E443 /* Classes */,
				77372D362025F61A00D3E443 /* AppDelegate.h */,
				77372D372025F61A00D3E443 /* AppDelegate.m */,
				77372D392025F61A00D3E443 /* ViewController.h */,
				77372D3A2025F61A00D3E443 /* ViewController.m */,
				77372D3C2025F61A00D3E443 /* Main.storyboard */,
				77372D3F2025F61A00D3E443 /* Assets.xcassets */,
				77372D412025F61A00D3E443 /* LaunchScreen.storyboard */,
				77372D442025F61A00D3E443 /* Info.plist */,
				77372D452025F61A00D3E443 /* main.m */,
			);
			path = ZNavigationBar;
			sourceTree = "<group>";
		};
		77372D4C2025F6B300D3E443 /* Classes */ = {
			isa = PBXGroup;
			children = (
				772E92A520270475008E30F1 /* Tools */,
				77372D512025F75500D3E443 /* Config */,
				77372D4D2025F6C300D3E443 /* View */,
			);
			path = Classes;
			sourceTree = "<group>";
		};
		77372D4D2025F6C300D3E443 /* View */ = {
			isa = PBXGroup;
			children = (
				77372D4E2025F6DF00D3E443 /* ZNavigationBar.h */,
				77372D4F2025F6DF00D3E443 /* ZNavigationBar.m */,
				77372D552025F97500D3E443 /* ZBaseViewController.h */,
				77372D562025F97500D3E443 /* ZBaseViewController.m */,
				77372D5C2026024300D3E443 /* ZNavigationController.h */,
				77372D5D2026024300D3E443 /* ZNavigationController.m */,
			);
			path = View;
			sourceTree = "<group>";
		};
		77372D512025F75500D3E443 /* Config */ = {
			isa = PBXGroup;
			children = (
			);
			path = Config;
			sourceTree = "<group>";
		};
		77372D582025FD8900D3E443 /* Controller */ = {
			isa = PBXGroup;
			children = (
				77372D592025FD9900D3E443 /* ZTempViewController.h */,
				77372D5A2025FD9900D3E443 /* ZTempViewController.m */,
			);
			path = Controller;
			sourceTree = "<group>";
		};
/* End PBXGroup section */

/* Begin PBXNativeTarget section */
		77372D322025F61A00D3E443 /* ZNavigationBar */ = {
			isa = PBXNativeTarget;
			buildConfigurationList = 77372D492025F61A00D3E443 /* Build configuration list for PBXNativeTarget "ZNavigationBar" */;
			buildPhases = (
				77372D2F2025F61A00D3E443 /* Sources */,
				77372D302025F61A00D3E443 /* Frameworks */,
				77372D312025F61A00D3E443 /* Resources */,
			);
			buildRules = (
			);
			dependencies = (
			);
			name = ZNavigationBar;
			productName = ZNavigationBar;
			productReference = 77372D332025F61A00D3E443 /* ZNavigationBar.app */;
			productType = "com.apple.product-type.application";
		};
/* End PBXNativeTarget section */

/* Begin PBXProject section */
		77372D2B2025F61A00D3E443 /* Project object */ = {
			isa = PBXProject;
			attributes = {
				LastUpgradeCheck = 0920;
				ORGANIZATIONNAME = "张国忠";
				TargetAttributes = {
					77372D322025F61A00D3E443 = {
						CreatedOnToolsVersion = 9.2;
						ProvisioningStyle = Automatic;
					};
				};
			};
			buildConfigurationList = 77372D2E2025F61A00D3E443 /* Build configuration list for PBXProject "ZNavigationBar" */;
			compatibilityVersion = "Xcode 8.0";
			developmentRegion = en;
			hasScannedForEncodings = 0;
			knownRegions = (
				en,
				Base,
			);
			mainGroup = 77372D2A2025F61A00D3E443;
			productRefGroup = 77372D342025F61A00D3E443 /* Products */;
			projectDirPath = "";
			projectRoot = "";
			targets = (
				77372D322025F61A00D3E443 /* ZNavigationBar */,
			);
		};
/* End PBXProject section */

/* Begin PBXResourcesBuildPhase section */
		77372D312025F61A00D3E443 /* Resources */ = {
			isa = PBXResourcesBuildPhase;
			buildActionMask = 2147483647;
			files = (
				77372D432025F61A00D3E443 /* LaunchScreen.storyboard in Resources */,
				77372D402025F61A00D3E443 /* Assets.xcassets in Resources */,
				77372D3E2025F61A00D3E443 /* Main.storyboard in Resources */,
			);
			runOnlyForDeploymentPostprocessing = 0;
		};
/* End PBXResourcesBuildPhase section */

/* Begin PBXSourcesBuildPhase section */
		77372D2F2025F61A00D3E443 /* Sources */ = {
			isa = PBXSourcesBuildPhase;
			buildActionMask = 2147483647;
			files = (
				77372D3B2025F61A00D3E443 /* ViewController.m in Sources */,
				77372D5E2026024300D3E443 /* ZNavigationController.m in Sources */,
				77372D462025F61A00D3E443 /* main.m in Sources */,
				77372D572025F97500D3E443 /* ZBaseViewController.m in Sources */,
				77372D5B2025FD9900D3E443 /* ZTempViewController.m in Sources */,
				77372D502025F6DF00D3E443 /* ZNavigationBar.m in Sources */,
				772E92A8202704A8008E30F1 /* ZTools.m in Sources */,
				77372D382025F61A00D3E443 /* AppDelegate.m in Sources */,
			);
			runOnlyForDeploymentPostprocessing = 0;
		};
/* End PBXSourcesBuildPhase section */

/* Begin PBXVariantGroup section */
		77372D3C2025F61A00D3E443 /* Main.storyboard */ = {
			isa = PBXVariantGroup;
			children = (
				77372D3D2025F61A00D3E443 /* Base */,
			);
			name = Main.storyboard;
			sourceTree = "<group>";
		};
		77372D412025F61A00D3E443 /* LaunchScreen.storyboard */ = {
			isa = PBXVariantGroup;
			children = (
				77372D422025F61A00D3E443 /* Base */,
			);
			name = LaunchScreen.storyboard;
			sourceTree = "<group>";
		};
/* End PBXVariantGroup section */

/* Begin XCBuildConfiguration section */
		77372D472025F61A00D3E443 /* Debug */ = {
			isa = XCBuildConfiguration;
			buildSettings = {
				ALWAYS_SEARCH_USER_PATHS = NO;
				CLANG_ANALYZER_NONNULL = YES;
				CLANG_ANALYZER_NUMBER_OBJECT_CONVERSION = YES_AGGRESSIVE;
				CLANG_CXX_LANGUAGE_STANDARD = "gnu++14";
				CLANG_CXX_LIBRARY = "libc++";
				CLANG_ENABLE_MODULES = YES;
				CLANG_ENABLE_OBJC_ARC = YES;
				CLANG_WARN_BLOCK_CAPTURE_AUTORELEASING = YES;
				CLANG_WARN_BOOL_CONVERSION = YES;
				CLANG_WARN_COMMA = YES;
				CLANG_WARN_CONSTANT_CONVERSION = YES;
				CLANG_WARN_DIRECT_OBJC_ISA_USAGE = YES_ERROR;
				CLANG_WARN_DOCUMENTATION_COMMENTS = YES;
				CLANG_WARN_EMPTY_BODY = YES;
				CLANG_WARN_ENUM_CONVERSION = YES;
				CLANG_WARN_INFINITE_RECURSION = YES;
				CLANG_WARN_INT_CONVERSION = YES;
				CLANG_WARN_NON_LITERAL_NULL_CONVERSION = YES;
				CLANG_WARN_OBJC_LITERAL_CONVERSION = YES;
				CLANG_WARN_OBJC_ROOT_CLASS = YES_ERROR;
				CLANG_WARN_RANGE_LOOP_ANALYSIS = YES;
				CLANG_WARN_STRICT_PROTOTYPES = YES;
				CLANG_WARN_SUSPICIOUS_MOVE = YES;
				CLANG_WARN_UNGUARDED_AVAILABILITY = YES_AGGRESSIVE;
				CLANG_WARN_UNREACHABLE_CODE = YES;
				CLANG_WARN__DUPLICATE_METHOD_MATCH = YES;
				CODE_SIGN_IDENTITY = "iPhone Developer";
				COPY_PHASE_STRIP = NO;
				DEBUG_INFORMATION_FORMAT = dwarf;
				ENABLE_STRICT_OBJC_MSGSEND = YES;
				ENABLE_TESTABILITY = YES;
				GCC_C_LANGUAGE_STANDARD = gnu11;
				GCC_DYNAMIC_NO_PIC = NO;
				GCC_NO_COMMON_BLOCKS = YES;
				GCC_OPTIMIZATION_LEVEL = 0;
				GCC_PREPROCESSOR_DEFINITIONS = (
					"DEBUG=1",
					"$(inherited)",
				);
				GCC_WARN_64_TO_32_BIT_CONVERSION = YES;
				GCC_WARN_ABOUT_RETURN_TYPE = YES_ERROR;
				GCC_WARN_UNDECLARED_SELECTOR = YES;
				GCC_WARN_UNINITIALIZED_AUTOS = YES_AGGRESSIVE;
				GCC_WARN_UNUSED_FUNCTION = YES;
				GCC_WARN_UNUSED_VARIABLE = YES;
				IPHONEOS_DEPLOYMENT_TARGET = 9.0;
				MTL_ENABLE_DEBUG_INFO = YES;
				ONLY_ACTIVE_ARCH = YES;
				SDKROOT = iphoneos;
			};
			name = Debug;
		};
		77372D482025F61A00D3E443 /* Release */ = {
			isa = XCBuildConfiguration;
			buildSettings = {
				ALWAYS_SEARCH_USER_PATHS = NO;
				CLANG_ANALYZER_NONNULL = YES;
				CLANG_ANALYZER_NUMBER_OBJECT_CONVERSION = YES_AGGRESSIVE;
				CLANG_CXX_LANGUAGE_STANDARD = "gnu++14";
				CLANG_CXX_LIBRARY = "libc++";
				CLANG_ENABLE_MODULES = YES;
				CLANG_ENABLE_OBJC_ARC = YES;
				CLANG_WARN_BLOCK_CAPTURE_AUTORELEASING = YES;
				CLANG_WARN_BOOL_CONVERSION = YES;
				CLANG_WARN_COMMA = YES;
				CLANG_WARN_CONSTANT_CONVERSION = YES;
				CLANG_WARN_DIRECT_OBJC_ISA_USAGE = YES_ERROR;
				CLANG_WARN_DOCUMENTATION_COMMENTS = YES;
				CLANG_WARN_EMPTY_BODY = YES;
				CLANG_WARN_ENUM_CONVERSION = YES;
				CLANG_WARN_INFINITE_RECURSION = YES;
				CLANG_WARN_INT_CONVERSION = YES;
				CLANG_WARN_NON_LITERAL_NULL_CONVERSION = YES;
				CLANG_WARN_OBJC_LITERAL_CONVERSION = YES;
				CLANG_WARN_OBJC_ROOT_CLASS = YES_ERROR;
				CLANG_WARN_RANGE_LOOP_ANALYSIS = YES;
				CLANG_WARN_STRICT_PROTOTYPES = YES;
				CLANG_WARN_SUSPICIOUS_MOVE = YES;
				CLANG_WARN_UNGUARDED_AVAILABILITY = YES_AGGRESSIVE;
				CLANG_WARN_UNREACHABLE_CODE = YES;
				CLANG_WARN__DUPLICATE_METHOD_MATCH = YES;
				CODE_SIGN_IDENTITY = "iPhone Developer";
				COPY_PHASE_STRIP = NO;
				DEBUG_INFORMATION_FORMAT = "dwarf-with-dsym";
				ENABLE_NS_ASSERTIONS = NO;
				ENABLE_STRICT_OBJC_MSGSEND = YES;
				GCC_C_LANGUAGE_STANDARD = gnu11;
				GCC_NO_COMMON_BLOCKS = YES;
				GCC_WARN_64_TO_32_BIT_CONVERSION = YES;
				GCC_WARN_ABOUT_RETURN_TYPE = YES_ERROR;
				GCC_WARN_UNDECLARED_SELECTOR = YES;
				GCC_WARN_UNINITIALIZED_AUTOS = YES_AGGRESSIVE;
				GCC_WARN_UNUSED_FUNCTION = YES;
				GCC_WARN_UNUSED_VARIABLE = YES;
				IPHONEOS_DEPLOYMENT_TARGET = 9.0;
				MTL_ENABLE_DEBUG_INFO = NO;
				SDKROOT = iphoneos;
				VALIDATE_PRODUCT = YES;
			};
			name = Release;
		};
		77372D4A2025F61A00D3E443 /* Debug */ = {
			isa = XCBuildConfiguration;
			buildSettings = {
				ASSETCATALOG_COMPILER_APPICON_NAME = AppIcon;
				CODE_SIGN_STYLE = Automatic;
				DEVELOPMENT_TEAM = 9V3T8NLWMK;
				INFOPLIST_FILE = ZNavigationBar/Info.plist;
				LD_RUNPATH_SEARCH_PATHS = "$(inherited) @executable_path/Frameworks";
				PRODUCT_BUNDLE_IDENTIFIER = com.zhangsan.ZNavigationBar;
				PRODUCT_NAME = "$(TARGET_NAME)";
				TARGETED_DEVICE_FAMILY = 1;
			};
			name = Debug;
		};
		77372D4B2025F61A00D3E443 /* Release */ = {
			isa = XCBuildConfiguration;
			buildSettings = {
				ASSETCATALOG_COMPILER_APPICON_NAME = AppIcon;
				CODE_SIGN_STYLE = Automatic;
				DEVELOPMENT_TEAM = 9V3T8NLWMK;
				INFOPLIST_FILE = ZNavigationBar/Info.plist;
				LD_RUNPATH_SEARCH_PATHS = "$(inherited) @executable_path/Frameworks";
				PRODUCT_BUNDLE_IDENTIFIER = com.zhangsan.ZNavigationBar;
				PRODUCT_NAME = "$(TARGET_NAME)";
				TARGETED_DEVICE_FAMILY = 1;
			};
			name = Release;
		};
/* End XCBuildConfiguration section */

/* Begin XCConfigurationList section */
		77372D2E2025F61A00D3E443 /* Build configuration list for PBXProject "ZNavigationBar" */ = {
			isa = XCConfigurationList;
			buildConfigurations = (
				77372D472025F61A00D3E443 /* Debug */,
				77372D482025F61A00D3E443 /* Release */,
			);
			defaultConfigurationIsVisible = 0;
			defaultConfigurationName = Release;
		};
		77372D492025F61A00D3E443 /* Build configuration list for PBXNativeTarget "ZNavigationBar" */ = {
			isa = XCConfigurationList;
			buildConfigurations = (
				77372D4A2025F61A00D3E443 /* Debug */,
				77372D4B2025F61A00D3E443 /* Release */,
			);
			defaultConfigurationIsVisible = 0;
			defaultConfigurationName = Release;
		};
/* End XCConfigurationList section */
	};
	rootObject = 77372D2B2025F61A00D3E443 /* Project object */;
}
